
Microsoft Visual Studio Solution File, Format Version 12.00
# Visual Studio Version 17
VisualStudioVersion = 17.5.002.0
MinimumVisualStudioVersion = 10.0.40219.1
Project("{9A19103F-16F7-4668-BE54-9A1E7A4F7556}") = "BootCampAvanade.NETDeveloper", "BootCampAvanade.NETDeveloper.csproj", "{A09FFF60-A893-46DF-8D74-5A0C5E74D152}"
EndProject
Global
	GlobalSection(SolutionConfigurationPlatforms) = preSolution
		Debug|Any CPU = Debug|Any CPU
		Release|Any CPU = Release|Any CPU
	EndGlobalSection
	GlobalSection(ProjectConfigurationPlatforms) = postSolution
		{A09FFF60-A893-46DF-8D74-5A0C5E74D152}.Debug|Any CPU.ActiveCfg = Debug|Any CPU
		{A09FFF60-A893-46DF-8D74-5A0C5E74D152}.Debug|Any CPU.Build.0 = Debug|Any CPU
		{A09FFF60-A893-46DF-8D74-5A0C5E74D152}.Release|Any CPU.ActiveCfg = Release|Any CPU
		{A09FFF60-A893-46DF-8D74-5A0C5E74D152}.Release|Any CPU.Build.0 = Release|Any CPU
	EndGlobalSection
	GlobalSection(SolutionProperties) = preSolution
		HideSolutionNode = FALSE
	EndGlobalSection
	GlobalSection(ExtensibilityGlobals) = postSolution
		SolutionGuid = {8E5B1C98-6811-47A4-A552-B525438A6F7B}
	EndGlobalSection
EndGlobal
